
Microsoft Visual Studio Solution File, Format Version 12.00
# Visual Studio Version 16
VisualStudioVersion = 16.0.31025.194
MinimumVisualStudioVersion = 10.0.40219.1
Project("{888888A0-9F3D-457C-B088-3A5042F75D52}") = "Name Changer", "Separator Replacer 9000\Name Changer.pyproj", "{E1150251-46E1-4842-BC5E-8AF81094D11D}"
EndProject
Global
	GlobalSection(SolutionConfigurationPlatforms) = preSolution
		Debug|Any CPU = Debug|Any CPU
		Release|Any CPU = Release|Any CPU
	EndGlobalSection
	GlobalSection(ProjectConfigurationPlatforms) = postSolution
		{E1150251-46E1-4842-BC5E-8AF81094D11D}.Debug|Any CPU.ActiveCfg = Debug|Any CPU
		{E1150251-46E1-4842-BC5E-8AF81094D11D}.Release|Any CPU.ActiveCfg = Release|Any CPU
	EndGlobalSection
	GlobalSection(SolutionProperties) = preSolution
		HideSolutionNode = FALSE
	EndGlobalSection
	GlobalSection(ExtensibilityGlobals) = postSolution
		SolutionGuid = {C9807192-D553-448B-B8A0-5C68C4D457BB}
	EndGlobalSection
EndGlobal
